// !$*UTF8*$!
{
	archiveVersion = 1;
	classes = {
	};
	objectVersion = 48;
	objects = {

/* Begin PBXBuildFile section */
		0B0A984456D91679945CCEE0 /* Pods_UserViewer.framework in Frameworks */ = {isa = PBXBuildFile; fileRef = E06FF80255B766663E27766B /* Pods_UserViewer.framework */; };
		E44333E81FB8B5C200A46FFF /* AppDelegate.swift in Sources */ = {isa = PBXBuildFile; fileRef = E44333E71FB8B5C200A46FFF /* AppDelegate.swift */; };
		E44333ED1FB8B5C200A46FFF /* Main.storyboard in Resources */ = {isa = PBXBuildFile; fileRef = E44333EB1FB8B5C200A46FFF /* Main.storyboard */; };
		E44333EF1FB8B5C200A46FFF /* Assets.xcassets in Resources */ = {isa = PBXBuildFile; fileRef = E44333EE1FB8B5C200A46FFF /* Assets.xcassets */; };
		E44333F21FB8B5C200A46FFF /* LaunchScreen.storyboard in Resources */ = {isa = PBXBuildFile; fileRef = E44333F01FB8B5C200A46FFF /* LaunchScreen.storyboard */; };
/* End PBXBuildFile section */

/* Begin PBXFileReference section */
		1C872296D6A289A3E2696D26 /* Pods-UserViewer.release.xcconfig */ = {isa = PBXFileReference; includeInIndex = 1; lastKnownFileType = text.xcconfig; name = "Pods-UserViewer.release.xcconfig"; path = "Pods/Target Support Files/Pods-UserViewer/Pods-UserViewer.release.xcconfig"; sourceTree = "<group>"; };
		7A3D3AB3FACD389FE2D03B55 /* Pods-UserViewer.debug.xcconfig */ = {isa = PBXFileReference; includeInIndex = 1; lastKnownFileType = text.xcconfig; name = "Pods-UserViewer.debug.xcconfig"; path = "Pods/Target Support Files/Pods-UserViewer/Pods-UserViewer.debug.xcconfig"; sourceTree = "<group>"; };
		E06FF80255B766663E27766B /* Pods_UserViewer.framework */ = {isa = PBXFileReference; explicitFileType = wrapper.framework; includeInIndex = 0; path = Pods_UserViewer.framework; sourceTree = BUILT_PRODUCTS_DIR; };
		E44333E41FB8B5C200A46FFF /* UserViewer.app */ = {isa = PBXFileReference; explicitFileType = wrapper.application; includeInIndex = 0; path = UserViewer.app; sourceTree = BUILT_PRODUCTS_DIR; };
		E44333E71FB8B5C200A46FFF /* AppDelegate.swift */ = {isa = PBXFileReference; lastKnownFileType = sourcecode.swift; path = AppDelegate.swift; sourceTree = "<group>"; };
		E44333EC1FB8B5C200A46FFF /* Base */ = {isa = PBXFileReference; lastKnownFileType = file.storyboard; name = Base; path = Base.lproj/Main.storyboard; sourceTree = "<group>"; };
		E44333EE1FB8B5C200A46FFF /* Assets.xcassets */ = {isa = PBXFileReference; lastKnownFileType = folder.assetcatalog; path = Assets.xcassets; sourceTree = "<group>"; };
		E44333F11FB8B5C200A46FFF /* Base */ = {isa = PBXFileReference; lastKnownFileType = file.storyboard; name = Base; path = Base.lproj/LaunchScreen.storyboard; sourceTree = "<group>"; };
		E44333F31FB8B5C200A46FFF /* Info.plist */ = {isa = PBXFileReference; lastKnownFileType = text.plist.xml; path = Info.plist; sourceTree = "<group>"; };
/* End PBXFileReference section */

/* Begin PBXFrameworksBuildPhase section */
		E44333E11FB8B5C200A46FFF /* Frameworks */ = {
			isa = PBXFrameworksBuildPhase;
			buildActionMask = 2147483647;
			files = (
				0B0A984456D91679945CCEE0 /* Pods_UserViewer.framework in Frameworks */,
			);
			runOnlyForDeploymentPostprocessing = 0;
		};
/* End PBXFrameworksBuildPhase section */

/* Begin PBXGroup section */
		542D3D8AD401877902C873AE /* Frameworks */ = {
			isa = PBXGroup;
			children = (
				E06FF80255B766663E27766B /* Pods_UserViewer.framework */,
			);
			name = Frameworks;
			sourceTree = "<group>";
		};
		5CBBDE6CFDBBE73C771066C1 /* Pods */ = {
			isa = PBXGroup;
			children = (
				7A3D3AB3FACD389FE2D03B55 /* Pods-UserViewer.debug.xcconfig */,
				1C872296D6A289A3E2696D26 /* Pods-UserViewer.release.xcconfig */,
			);
			name = Pods;
			sourceTree = "<group>";
		};
		E44333DB1FB8B5C200A46FFF = {
			isa = PBXGroup;
			children = (
				E44333E61FB8B5C200A46FFF /* UserViewer */,
				E44333E51FB8B5C200A46FFF /* Products */,
				5CBBDE6CFDBBE73C771066C1 /* Pods */,
				542D3D8AD401877902C873AE /* Frameworks */,
			);
			sourceTree = "<group>";
		};
		E44333E51FB8B5C200A46FFF /* Products */ = {
			isa = PBXGroup;
			children = (
				E44333E41FB8B5C200A46FFF /* UserViewer.app */,
			);
			name = Products;
			sourceTree = "<group>";
		};
		E44333E61FB8B5C200A46FFF /* UserViewer */ = {
			isa = PBXGroup;
			children = (
				E44333E71FB8B5C200A46FFF /* AppDelegate.swift */,
				E44333EB1FB8B5C200A46FFF /* Main.storyboard */,
				E44333EE1FB8B5C200A46FFF /* Assets.xcassets */,
				E44333F01FB8B5C200A46FFF /* LaunchScreen.storyboard */,
				E44333F31FB8B5C200A46FFF /* Info.plist */,
			);
			path = UserViewer;
			sourceTree = "<group>";
		};
/* End PBXGroup section */

/* Begin PBXNativeTarget section */
		E44333E31FB8B5C200A46FFF /* UserViewer */ = {
			isa = PBXNativeTarget;
			buildConfigurationList = E44333F61FB8B5C200A46FFF /* Build configuration list for PBXNativeTarget "UserViewer" */;
			buildPhases = (
				FD8E3C896A4FA552B105D7D5 /* [CP] Check Pods Manifest.lock */,
				E44333E01FB8B5C200A46FFF /* Sources */,
				E44333E11FB8B5C200A46FFF /* Frameworks */,
				E44333E21FB8B5C200A46FFF /* Resources */,
				A849B9DFDDB067240E0E02F5 /* [CP] Embed Pods Frameworks */,
				78959D214CC2EC9835534DAE /* [CP] Copy Pods Resources */,
			);
			buildRules = (
			);
			dependencies = (
			);
			name = UserViewer;
			productName = UserViewer;
			productReference = E44333E41FB8B5C200A46FFF /* UserViewer.app */;
			productType = "com.apple.product-type.application";
		};
/* End PBXNativeTarget section */

/* Begin PBXProject section */
		E44333DC1FB8B5C200A46FFF /* Project object */ = {
			isa = PBXProject;
			attributes = {
				LastSwiftUpdateCheck = 0900;
				LastUpgradeCheck = 0900;
				ORGANIZATIONNAME = soet;
				TargetAttributes = {
					E44333E31FB8B5C200A46FFF = {
						CreatedOnToolsVersion = 9.0;
						ProvisioningStyle = Automatic;
					};
				};
			};
			buildConfigurationList = E44333DF1FB8B5C200A46FFF /* Build configuration list for PBXProject "UserViewer" */;
			compatibilityVersion = "Xcode 8.0";
			developmentRegion = en;
			hasScannedForEncodings = 0;
			knownRegions = (
				en,
				Base,
			);
			mainGroup = E44333DB1FB8B5C200A46FFF;
			productRefGroup = E44333E51FB8B5C200A46FFF /* Products */;
			projectDirPath = "";
			projectRoot = "";
			targets = (
				E44333E31FB8B5C200A46FFF /* UserViewer */,
			);
		};
/* End PBXProject section */

/* Begin PBXResourcesBuildPhase section */
		E44333E21FB8B5C200A46FFF /* Resources */ = {
			isa = PBXResourcesBuildPhase;
			buildActionMask = 2147483647;
			files = (
				E44333F21FB8B5C200A46FFF /* LaunchScreen.storyboard in Resources */,
				E44333EF1FB8B5C200A46FFF /* Assets.xcassets in Resources */,
				E44333ED1FB8B5C200A46FFF /* Main.storyboard in Resources */,
			);
			runOnlyForDeploymentPostprocessing = 0;
		};
/* End PBXResourcesBuildPhase section */

/* Begin PBXShellScriptBuildPhase section */
		78959D214CC2EC9835534DAE /* [CP] Copy Pods Resources */ = {
			isa = PBXShellScriptBuildPhase;
			buildActionMask = 2147483647;
			files = (
			);
			inputPaths = (
			);
			name = "[CP] Copy Pods Resources";
			outputPaths = (
			);
			runOnlyForDeploymentPostprocessing = 0;
			shellPath = /bin/sh;
			shellScript = "\"${SRCROOT}/Pods/Target Support Files/Pods-UserViewer/Pods-UserViewer-resources.sh\"\n";
			showEnvVarsInLog = 0;
		};
		A849B9DFDDB067240E0E02F5 /* [CP] Embed Pods Frameworks */ = {
			isa = PBXShellScriptBuildPhase;
			buildActionMask = 2147483647;
			files = (
			);
			inputPaths = (
			);
			name = "[CP] Embed Pods Frameworks";
			outputPaths = (
			);
			runOnlyForDeploymentPostprocessing = 0;
			shellPath = /bin/sh;
			shellScript = "\"${SRCROOT}/Pods/Target Support Files/Pods-UserViewer/Pods-UserViewer-frameworks.sh\"\n";
			showEnvVarsInLog = 0;
		};
		FD8E3C896A4FA552B105D7D5 /* [CP] Check Pods Manifest.lock */ = {
			isa = PBXShellScriptBuildPhase;
			buildActionMask = 2147483647;
			files = (
			);
			inputPaths = (
			);
			name = "[CP] Check Pods Manifest.lock";
			outputPaths = (
			);
			runOnlyForDeploymentPostprocessing = 0;
			shellPath = /bin/sh;
			shellScript = "diff \"${PODS_ROOT}/../Podfile.lock\" \"${PODS_ROOT}/Manifest.lock\" > /dev/null\nif [ $? != 0 ] ; then\n    # print error to STDERR\n    echo \"error: The sandbox is not in sync with the Podfile.lock. Run 'pod install' or update your CocoaPods installation.\" >&2\n    exit 1\nfi\n";
			showEnvVarsInLog = 0;
		};
/* End PBXShellScriptBuildPhase section */

/* Begin PBXSourcesBuildPhase section */
		E44333E01FB8B5C200A46FFF /* Sources */ = {
			isa = PBXSourcesBuildPhase;
			buildActionMask = 2147483647;
			files = (
				E44333E81FB8B5C200A46FFF /* AppDelegate.swift in Sources */,
			);
			runOnlyForDeploymentPostprocessing = 0;
		};
/* End PBXSourcesBuildPhase section */

/* Begin PBXVariantGroup section */
		E44333EB1FB8B5C200A46FFF /* Main.storyboard */ = {
			isa = PBXVariantGroup;
			children = (
				E44333EC1FB8B5C200A46FFF /* Base */,
			);
			name = Main.storyboard;
			sourceTree = "<group>";
		};
		E44333F01FB8B5C200A46FFF /* LaunchScreen.storyboard */ = {
			isa = PBXVariantGroup;
			children = (
				E44333F11FB8B5C200A46FFF /* Base */,
			);
			name = LaunchScreen.storyboard;
			sourceTree = "<group>";
		};
/* End PBXVariantGroup section */

/* Begin XCBuildConfiguration section */
		E44333F41FB8B5C200A46FFF /* Debug */ = {
			isa = XCBuildConfiguration;
			buildSettings = {
				ALWAYS_SEARCH_USER_PATHS = NO;
				CLANG_ANALYZER_NONNULL = YES;
				CLANG_ANALYZER_NUMBER_OBJECT_CONVERSION = YES_AGGRESSIVE;
				CLANG_CXX_LANGUAGE_STANDARD = "gnu++14";
				CLANG_CXX_LIBRARY = "libc++";
				CLANG_ENABLE_MODULES = YES;
				CLANG_ENABLE_OBJC_ARC = YES;
				CLANG_WARN_BLOCK_CAPTURE_AUTORELEASING = YES;
				CLANG_WARN_BOOL_CONVERSION = YES;
				CLANG_WARN_COMMA = YES;
				CLANG_WARN_CONSTANT_CONVERSION = YES;
				CLANG_WARN_DIRECT_OBJC_ISA_USAGE = YES_ERROR;
				CLANG_WARN_DOCUMENTATION_COMMENTS = YES;
				CLANG_WARN_EMPTY_BODY = YES;
				CLANG_WARN_ENUM_CONVERSION = YES;
				CLANG_WARN_INFINITE_RECURSION = YES;
				CLANG_WARN_INT_CONVERSION = YES;
				CLANG_WARN_NON_LITERAL_NULL_CONVERSION = YES;
				CLANG_WARN_OBJC_LITERAL_CONVERSION = YES;
				CLANG_WARN_OBJC_ROOT_CLASS = YES_ERROR;
				CLANG_WARN_RANGE_LOOP_ANALYSIS = YES;
				CLANG_WARN_STRICT_PROTOTYPES = YES;
				CLANG_WARN_SUSPICIOUS_MOVE = YES;
				CLANG_WARN_UNGUARDED_AVAILABILITY = YES_AGGRESSIVE;
				CLANG_WARN_UNREACHABLE_CODE = YES;
				CLANG_WARN__DUPLICATE_METHOD_MATCH = YES;
				CODE_SIGN_IDENTITY = "iPhone Developer";
				COPY_PHASE_STRIP = NO;
				DEBUG_INFORMATION_FORMAT = dwarf;
				ENABLE_STRICT_OBJC_MSGSEND = YES;
				ENABLE_TESTABILITY = YES;
				GCC_C_LANGUAGE_STANDARD = gnu11;
				GCC_DYNAMIC_NO_PIC = NO;
				GCC_NO_COMMON_BLOCKS = YES;
				GCC_OPTIMIZATION_LEVEL = 0;
				GCC_PREPROCESSOR_DEFINITIONS = (
					"DEBUG=1",
					"$(inherited)",
				);
				GCC_WARN_64_TO_32_BIT_CONVERSION = YES;
				GCC_WARN_ABOUT_RETURN_TYPE = YES_ERROR;
				GCC_WARN_UNDECLARED_SELECTOR = YES;
				GCC_WARN_UNINITIALIZED_AUTOS = YES_AGGRESSIVE;
				GCC_WARN_UNUSED_FUNCTION = YES;
				GCC_WARN_UNUSED_VARIABLE = YES;
				IPHONEOS_DEPLOYMENT_TARGET = 11.0;
				MTL_ENABLE_DEBUG_INFO = YES;
				ONLY_ACTIVE_ARCH = YES;
				SDKROOT = iphoneos;
				SWIFT_ACTIVE_COMPILATION_CONDITIONS = DEBUG;
				SWIFT_OPTIMIZATION_LEVEL = "-Onone";
			};
			name = Debug;
		};
		E44333F51FB8B5C200A46FFF /* Release */ = {
			isa = XCBuildConfiguration;
			buildSettings = {
				ALWAYS_SEARCH_USER_PATHS = NO;
				CLANG_ANALYZER_NONNULL = YES;
				CLANG_ANALYZER_NUMBER_OBJECT_CONVERSION = YES_AGGRESSIVE;
				CLANG_CXX_LANGUAGE_STANDARD = "gnu++14";
				CLANG_CXX_LIBRARY = "libc++";
				CLANG_ENABLE_MODULES = YES;
				CLANG_ENABLE_OBJC_ARC = YES;
				CLANG_WARN_BLOCK_CAPTURE_AUTORELEASING = YES;
				CLANG_WARN_BOOL_CONVERSION = YES;
				CLANG_WARN_COMMA = YES;
				CLANG_WARN_CONSTANT_CONVERSION = YES;
				CLANG_WARN_DIRECT_OBJC_ISA_USAGE = YES_ERROR;
				CLANG_WARN_DOCUMENTATION_COMMENTS = YES;
				CLANG_WARN_EMPTY_BODY = YES;
				CLANG_WARN_ENUM_CONVERSION = YES;
				CLANG_WARN_INFINITE_RECURSION = YES;
				CLANG_WARN_INT_CONVERSION = YES;
				CLANG_WARN_NON_LITERAL_NULL_CONVERSION = YES;
				CLANG_WARN_OBJC_LITERAL_CONVERSION = YES;
				CLANG_WARN_OBJC_ROOT_CLASS = YES_ERROR;
				CLANG_WARN_RANGE_LOOP_ANALYSIS = YES;
				CLANG_WARN_STRICT_PROTOTYPES = YES;
				CLANG_WARN_SUSPICIOUS_MOVE = YES;
				CLANG_WARN_UNGUARDED_AVAILABILITY = YES_AGGRESSIVE;
				CLANG_WARN_UNREACHABLE_CODE = YES;
				CLANG_WARN__DUPLICATE_METHOD_MATCH = YES;
				CODE_SIGN_IDENTITY = "iPhone Developer";
				COPY_PHASE_STRIP = NO;
				DEBUG_INFORMATION_FORMAT = "dwarf-with-dsym";
				ENABLE_NS_ASSERTIONS = NO;
				ENABLE_STRICT_OBJC_MSGSEND = YES;
				GCC_C_LANGUAGE_STANDARD = gnu11;
				GCC_NO_COMMON_BLOCKS = YES;
				GCC_WARN_64_TO_32_BIT_CONVERSION = YES;
				GCC_WARN_ABOUT_RETURN_TYPE = YES_ERROR;
				GCC_WARN_UNDECLARED_SELECTOR = YES;
				GCC_WARN_UNINITIALIZED_AUTOS = YES_AGGRESSIVE;
				GCC_WARN_UNUSED_FUNCTION = YES;
				GCC_WARN_UNUSED_VARIABLE = YES;
				IPHONEOS_DEPLOYMENT_TARGET = 11.0;
				MTL_ENABLE_DEBUG_INFO = NO;
				SDKROOT = iphoneos;
				SWIFT_OPTIMIZATION_LEVEL = "-Owholemodule";
				VALIDATE_PRODUCT = YES;
			};
			name = Release;
		};
		E44333F71FB8B5C200A46FFF /* Debug */ = {
			isa = XCBuildConfiguration;
			baseConfigurationReference = 7A3D3AB3FACD389FE2D03B55 /* Pods-UserViewer.debug.xcconfig */;
			buildSettings = {
				ASSETCATALOG_COMPILER_APPICON_NAME = AppIcon;
				CODE_SIGN_STYLE = Automatic;
				DEVELOPMENT_TEAM = 58MADXWV9V;
				INFOPLIST_FILE = UserViewer/Info.plist;
				LD_RUNPATH_SEARCH_PATHS = "$(inherited) @executable_path/Frameworks";
				PRODUCT_BUNDLE_IDENTIFIER = com.soet.UserViewer;
				PRODUCT_NAME = "$(TARGET_NAME)";
				SWIFT_VERSION = 4.0;
				TARGETED_DEVICE_FAMILY = 1;
			};
			name = Debug;
		};
		E44333F81FB8B5C200A46FFF /* Release */ = {
			isa = XCBuildConfiguration;
			baseConfigurationReference = 1C872296D6A289A3E2696D26 /* Pods-UserViewer.release.xcconfig */;
			buildSettings = {
				ASSETCATALOG_COMPILER_APPICON_NAME = AppIcon;
				CODE_SIGN_STYLE = Automatic;
				DEVELOPMENT_TEAM = 58MADXWV9V;
				INFOPLIST_FILE = UserViewer/Info.plist;
				LD_RUNPATH_SEARCH_PATHS = "$(inherited) @executable_path/Frameworks";
				PRODUCT_BUNDLE_IDENTIFIER = com.soet.UserViewer;
				PRODUCT_NAME = "$(TARGET_NAME)";
				SWIFT_VERSION = 4.0;
				TARGETED_DEVICE_FAMILY = 1;
			};
			name = Release;
		};
/* End XCBuildConfiguration section */

/* Begin XCConfigurationList section */
		E44333DF1FB8B5C200A46FFF /* Build configuration list for PBXProject "UserViewer" */ = {
			isa = XCConfigurationList;
			buildConfigurations = (
				E44333F41FB8B5C200A46FFF /* Debug */,
				E44333F51FB8B5C200A46FFF /* Release */,
			);
			defaultConfigurationIsVisible = 0;
			defaultConfigurationName = Release;
		};
		E44333F61FB8B5C200A46FFF /* Build configuration list for PBXNativeTarget "UserViewer" */ = {
			isa = XCConfigurationList;
			buildConfigurations = (
				E44333F71FB8B5C200A46FFF /* Debug */,
				E44333F81FB8B5C200A46FFF /* Release */,
			);
			defaultConfigurationIsVisible = 0;
			defaultConfigurationName = Release;
		};
/* End XCConfigurationList section */
	};
	rootObject = E44333DC1FB8B5C200A46FFF /* Project object */;
}
